
Microsoft Visual Studio Solution File, Format Version 12.00
# Visual Studio Version 17
VisualStudioVersion = 17.3.32929.385
MinimumVisualStudioVersion = 10.0.40219.1
Project("{9A19103F-16F7-4668-BE54-9A1E7A4F7556}") = "TestingTaskMeetings", "TestingTaskMeetings\TestingTaskMeetings.csproj", "{14E8D058-E577-4B5D-8690-13AC35A902EC}"
EndProject
Project("{9A19103F-16F7-4668-BE54-9A1E7A4F7556}") = "Service", "Service\Service.csproj", "{D2CCB193-07D6-4487-B39C-20091851A490}"
EndProject
Project("{FAE04EC0-301F-11D3-BF4B-00C04F79EFBC}") = "TestS", "TestS\TestS.csproj", "{C99E54B8-1953-426C-AE88-B98FCBAF083C}"
EndProject
Global
	GlobalSection(SolutionConfigurationPlatforms) = preSolution
		Debug|Any CPU = Debug|Any CPU
		Release|Any CPU = Release|Any CPU
	EndGlobalSection
	GlobalSection(ProjectConfigurationPlatforms) = postSolution
		{14E8D058-E577-4B5D-8690-13AC35A902EC}.Debug|Any CPU.ActiveCfg = Debug|Any CPU
		{14E8D058-E577-4B5D-8690-13AC35A902EC}.Debug|Any CPU.Build.0 = Debug|Any CPU
		{14E8D058-E577-4B5D-8690-13AC35A902EC}.Release|Any CPU.ActiveCfg = Release|Any CPU
		{14E8D058-E577-4B5D-8690-13AC35A902EC}.Release|Any CPU.Build.0 = Release|Any CPU
		{D2CCB193-07D6-4487-B39C-20091851A490}.Debug|Any CPU.ActiveCfg = Debug|Any CPU
		{D2CCB193-07D6-4487-B39C-20091851A490}.Debug|Any CPU.Build.0 = Debug|Any CPU
		{D2CCB193-07D6-4487-B39C-20091851A490}.Release|Any CPU.ActiveCfg = Release|Any CPU
		{D2CCB193-07D6-4487-B39C-20091851A490}.Release|Any CPU.Build.0 = Release|Any CPU
		{C99E54B8-1953-426C-AE88-B98FCBAF083C}.Debug|Any CPU.ActiveCfg = Debug|Any CPU
		{C99E54B8-1953-426C-AE88-B98FCBAF083C}.Debug|Any CPU.Build.0 = Debug|Any CPU
		{C99E54B8-1953-426C-AE88-B98FCBAF083C}.Release|Any CPU.ActiveCfg = Release|Any CPU
		{C99E54B8-1953-426C-AE88-B98FCBAF083C}.Release|Any CPU.Build.0 = Release|Any CPU
	EndGlobalSection
	GlobalSection(SolutionProperties) = preSolution
		HideSolutionNode = FALSE
	EndGlobalSection
	GlobalSection(ExtensibilityGlobals) = postSolution
		SolutionGuid = {5CCCF45C-97B2-43AB-8B29-CFA7600F73CC}
	EndGlobalSection
EndGlobal
